// !$*UTF8*$!
{
	archiveVersion = 1;
	classes = {
	};
	objectVersion = 46;
	objects = {

/* Begin PBXBuildFile section */
		74EA069E1E4DB5D800B2ABD2 /* AppDelegate.swift in Sources */ = {isa = PBXBuildFile; fileRef = 74EA069D1E4DB5D800B2ABD2 /* AppDelegate.swift */; };
		74EA06A01E4DB5D800B2ABD2 /* ViewController.swift in Sources */ = {isa = PBXBuildFile; fileRef = 74EA069F1E4DB5D800B2ABD2 /* ViewController.swift */; };
		74EA06A31E4DB5D800B2ABD2 /* Main.storyboard in Resources */ = {isa = PBXBuildFile; fileRef = 74EA06A11E4DB5D800B2ABD2 /* Main.storyboard */; };
		74EA06A51E4DB5D800B2ABD2 /* Assets.xcassets in Resources */ = {isa = PBXBuildFile; fileRef = 74EA06A41E4DB5D800B2ABD2 /* Assets.xcassets */; };
		74EA06A81E4DB5D800B2ABD2 /* LaunchScreen.storyboard in Resources */ = {isa = PBXBuildFile; fileRef = 74EA06A61E4DB5D800B2ABD2 /* LaunchScreen.storyboard */; };
		74EA06B31E4DB5D800B2ABD2 /* summatorTests.swift in Sources */ = {isa = PBXBuildFile; fileRef = 74EA06B21E4DB5D800B2ABD2 /* summatorTests.swift */; };
/* End PBXBuildFile section */

/* Begin PBXContainerItemProxy section */
		74EA06AF1E4DB5D800B2ABD2 /* PBXContainerItemProxy */ = {
			isa = PBXContainerItemProxy;
			containerPortal = 74EA06921E4DB5D800B2ABD2 /* Project object */;
			proxyType = 1;
			remoteGlobalIDString = 74EA06991E4DB5D800B2ABD2;
			remoteInfo = summator;
		};
/* End PBXContainerItemProxy section */

/* Begin PBXFileReference section */
		74EA069A1E4DB5D800B2ABD2 /* summator.app */ = {isa = PBXFileReference; explicitFileType = wrapper.application; includeInIndex = 0; path = summator.app; sourceTree = BUILT_PRODUCTS_DIR; };
		74EA069D1E4DB5D800B2ABD2 /* AppDelegate.swift */ = {isa = PBXFileReference; lastKnownFileType = sourcecode.swift; path = AppDelegate.swift; sourceTree = "<group>"; };
		74EA069F1E4DB5D800B2ABD2 /* ViewController.swift */ = {isa = PBXFileReference; lastKnownFileType = sourcecode.swift; path = ViewController.swift; sourceTree = "<group>"; };
		74EA06A21E4DB5D800B2ABD2 /* Base */ = {isa = PBXFileReference; lastKnownFileType = file.storyboard; name = Base; path = Base.lproj/Main.storyboard; sourceTree = "<group>"; };
		74EA06A41E4DB5D800B2ABD2 /* Assets.xcassets */ = {isa = PBXFileReference; lastKnownFileType = folder.assetcatalog; path = Assets.xcassets; sourceTree = "<group>"; };
		74EA06A71E4DB5D800B2ABD2 /* Base */ = {isa = PBXFileReference; lastKnownFileType = file.storyboard; name = Base; path = Base.lproj/LaunchScreen.storyboard; sourceTree = "<group>"; };
		74EA06A91E4DB5D800B2ABD2 /* Info.plist */ = {isa = PBXFileReference; lastKnownFileType = text.plist.xml; path = Info.plist; sourceTree = "<group>"; };
		74EA06AE1E4DB5D800B2ABD2 /* summatorTests.xctest */ = {isa = PBXFileReference; explicitFileType = wrapper.cfbundle; includeInIndex = 0; path = summatorTests.xctest; sourceTree = BUILT_PRODUCTS_DIR; };
		74EA06B21E4DB5D800B2ABD2 /* summatorTests.swift */ = {isa = PBXFileReference; lastKnownFileType = sourcecode.swift; path = summatorTests.swift; sourceTree = "<group>"; };
		74EA06B41E4DB5D800B2ABD2 /* Info.plist */ = {isa = PBXFileReference; lastKnownFileType = text.plist.xml; path = Info.plist; sourceTree = "<group>"; };
/* End PBXFileReference section */

/* Begin PBXFrameworksBuildPhase section */
		74EA06971E4DB5D800B2ABD2 /* Frameworks */ = {
			isa = PBXFrameworksBuildPhase;
			buildActionMask = 2147483647;
			files = (
			);
			runOnlyForDeploymentPostprocessing = 0;
		};
		74EA06AB1E4DB5D800B2ABD2 /* Frameworks */ = {
			isa = PBXFrameworksBuildPhase;
			buildActionMask = 2147483647;
			files = (
			);
			runOnlyForDeploymentPostprocessing = 0;
		};
/* End PBXFrameworksBuildPhase section */

/* Begin PBXGroup section */
		74EA06911E4DB5D800B2ABD2 = {
			isa = PBXGroup;
			children = (
				74EA069C1E4DB5D800B2ABD2 /* summator */,
				74EA06B11E4DB5D800B2ABD2 /* summatorTests */,
				74EA069B1E4DB5D800B2ABD2 /* Products */,
			);
			sourceTree = "<group>";
		};
		74EA069B1E4DB5D800B2ABD2 /* Products */ = {
			isa = PBXGroup;
			children = (
				74EA069A1E4DB5D800B2ABD2 /* summator.app */,
				74EA06AE1E4DB5D800B2ABD2 /* summatorTests.xctest */,
			);
			name = Products;
			sourceTree = "<group>";
		};
		74EA069C1E4DB5D800B2ABD2 /* summator */ = {
			isa = PBXGroup;
			children = (
				74EA069D1E4DB5D800B2ABD2 /* AppDelegate.swift */,
				74EA069F1E4DB5D800B2ABD2 /* ViewController.swift */,
				74EA06A11E4DB5D800B2ABD2 /* Main.storyboard */,
				74EA06A41E4DB5D800B2ABD2 /* Assets.xcassets */,
				74EA06A61E4DB5D800B2ABD2 /* LaunchScreen.storyboard */,
				74EA06A91E4DB5D800B2ABD2 /* Info.plist */,
			);
			path = summator;
			sourceTree = "<group>";
		};
		74EA06B11E4DB5D800B2ABD2 /* summatorTests */ = {
			isa = PBXGroup;
			children = (
				74EA06B21E4DB5D800B2ABD2 /* summatorTests.swift */,
				74EA06B41E4DB5D800B2ABD2 /* Info.plist */,
			);
			path = summatorTests;
			sourceTree = "<group>";
		};
/* End PBXGroup section */

/* Begin PBXNativeTarget section */
		74EA06991E4DB5D800B2ABD2 /* summator */ = {
			isa = PBXNativeTarget;
			buildConfigurationList = 74EA06B71E4DB5D800B2ABD2 /* Build configuration list for PBXNativeTarget "summator" */;
			buildPhases = (
				74EA06961E4DB5D800B2ABD2 /* Sources */,
				74EA06971E4DB5D800B2ABD2 /* Frameworks */,
				74EA06981E4DB5D800B2ABD2 /* Resources */,
			);
			buildRules = (
			);
			dependencies = (
			);
			name = summator;
			productName = summator;
			productReference = 74EA069A1E4DB5D800B2ABD2 /* summator.app */;
			productType = "com.apple.product-type.application";
		};
		74EA06AD1E4DB5D800B2ABD2 /* summatorTests */ = {
			isa = PBXNativeTarget;
			buildConfigurationList = 74EA06BA1E4DB5D800B2ABD2 /* Build configuration list for PBXNativeTarget "summatorTests" */;
			buildPhases = (
				74EA06AA1E4DB5D800B2ABD2 /* Sources */,
				74EA06AB1E4DB5D800B2ABD2 /* Frameworks */,
				74EA06AC1E4DB5D800B2ABD2 /* Resources */,
			);
			buildRules = (
			);
			dependencies = (
				74EA06B01E4DB5D800B2ABD2 /* PBXTargetDependency */,
			);
			name = summatorTests;
			productName = summatorTests;
			productReference = 74EA06AE1E4DB5D800B2ABD2 /* summatorTests.xctest */;
			productType = "com.apple.product-type.bundle.unit-test";
		};
/* End PBXNativeTarget section */

/* Begin PBXProject section */
		74EA06921E4DB5D800B2ABD2 /* Project object */ = {
			isa = PBXProject;
			attributes = {
				LastSwiftUpdateCheck = 0810;
				LastUpgradeCheck = 0810;
				ORGANIZATIONNAME = "Alexey Pichukov";
				TargetAttributes = {
					74EA06991E4DB5D800B2ABD2 = {
						CreatedOnToolsVersion = 8.1;
						ProvisioningStyle = Automatic;
					};
					74EA06AD1E4DB5D800B2ABD2 = {
						CreatedOnToolsVersion = 8.1;
						ProvisioningStyle = Automatic;
						TestTargetID = 74EA06991E4DB5D800B2ABD2;
					};
				};
			};
			buildConfigurationList = 74EA06951E4DB5D800B2ABD2 /* Build configuration list for PBXProject "summator" */;
			compatibilityVersion = "Xcode 3.2";
			developmentRegion = English;
			hasScannedForEncodings = 0;
			knownRegions = (
				en,
				Base,
			);
			mainGroup = 74EA06911E4DB5D800B2ABD2;
			productRefGroup = 74EA069B1E4DB5D800B2ABD2 /* Products */;
			projectDirPath = "";
			projectRoot = "";
			targets = (
				74EA06991E4DB5D800B2ABD2 /* summator */,
				74EA06AD1E4DB5D800B2ABD2 /* summatorTests */,
			);
		};
/* End PBXProject section */

/* Begin PBXResourcesBuildPhase section */
		74EA06981E4DB5D800B2ABD2 /* Resources */ = {
			isa = PBXResourcesBuildPhase;
			buildActionMask = 2147483647;
			files = (
				74EA06A81E4DB5D800B2ABD2 /* LaunchScreen.storyboard in Resources */,
				74EA06A51E4DB5D800B2ABD2 /* Assets.xcassets in Resources */,
				74EA06A31E4DB5D800B2ABD2 /* Main.storyboard in Resources */,
			);
			runOnlyForDeploymentPostprocessing = 0;
		};
		74EA06AC1E4DB5D800B2ABD2 /* Resources */ = {
			isa = PBXResourcesBuildPhase;
			buildActionMask = 2147483647;
			files = (
			);
			runOnlyForDeploymentPostprocessing = 0;
		};
/* End PBXResourcesBuildPhase section */

/* Begin PBXSourcesBuildPhase section */
		74EA06961E4DB5D800B2ABD2 /* Sources */ = {
			isa = PBXSourcesBuildPhase;
			buildActionMask = 2147483647;
			files = (
				74EA06A01E4DB5D800B2ABD2 /* ViewController.swift in Sources */,
				74EA069E1E4DB5D800B2ABD2 /* AppDelegate.swift in Sources */,
			);
			runOnlyForDeploymentPostprocessing = 0;
		};
		74EA06AA1E4DB5D800B2ABD2 /* Sources */ = {
			isa = PBXSourcesBuildPhase;
			buildActionMask = 2147483647;
			files = (
				74EA06B31E4DB5D800B2ABD2 /* summatorTests.swift in Sources */,
			);
			runOnlyForDeploymentPostprocessing = 0;
		};
/* End PBXSourcesBuildPhase section */

/* Begin PBXTargetDependency section */
		74EA06B01E4DB5D800B2ABD2 /* PBXTargetDependency */ = {
			isa = PBXTargetDependency;
			target = 74EA06991E4DB5D800B2ABD2 /* summator */;
			targetProxy = 74EA06AF1E4DB5D800B2ABD2 /* PBXContainerItemProxy */;
		};
/* End PBXTargetDependency section */

/* Begin PBXVariantGroup section */
		74EA06A11E4DB5D800B2ABD2 /* Main.storyboard */ = {
			isa = PBXVariantGroup;
			children = (
				74EA06A21E4DB5D800B2ABD2 /* Base */,
			);
			name = Main.storyboard;
			sourceTree = "<group>";
		};
		74EA06A61E4DB5D800B2ABD2 /* LaunchScreen.storyboard */ = {
			isa = PBXVariantGroup;
			children = (
				74EA06A71E4DB5D800B2ABD2 /* Base */,
			);
			name = LaunchScreen.storyboard;
			sourceTree = "<group>";
		};
/* End PBXVariantGroup section */

/* Begin XCBuildConfiguration section */
		74EA06B51E4DB5D800B2ABD2 /* Debug */ = {
			isa = XCBuildConfiguration;
			buildSettings = {
				ALWAYS_SEARCH_USER_PATHS = NO;
				CLANG_ANALYZER_NONNULL = YES;
				CLANG_CXX_LANGUAGE_STANDARD = "gnu++0x";
				CLANG_CXX_LIBRARY = "libc++";
				CLANG_ENABLE_MODULES = YES;
				CLANG_ENABLE_OBJC_ARC = YES;
				CLANG_WARN_BOOL_CONVERSION = YES;
				CLANG_WARN_CONSTANT_CONVERSION = YES;
				CLANG_WARN_DIRECT_OBJC_ISA_USAGE = YES_ERROR;
				CLANG_WARN_DOCUMENTATION_COMMENTS = YES;
				CLANG_WARN_EMPTY_BODY = YES;
				CLANG_WARN_ENUM_CONVERSION = YES;
				CLANG_WARN_INFINITE_RECURSION = YES;
				CLANG_WARN_INT_CONVERSION = YES;
				CLANG_WARN_OBJC_ROOT_CLASS = YES_ERROR;
				CLANG_WARN_SUSPICIOUS_MOVES = YES;
				CLANG_WARN_UNREACHABLE_CODE = YES;
				CLANG_WARN__DUPLICATE_METHOD_MATCH = YES;
				"CODE_SIGN_IDENTITY[sdk=iphoneos*]" = "iPhone Developer";
				COPY_PHASE_STRIP = NO;
				DEBUG_INFORMATION_FORMAT = dwarf;
				ENABLE_STRICT_OBJC_MSGSEND = YES;
				ENABLE_TESTABILITY = YES;
				GCC_C_LANGUAGE_STANDARD = gnu99;
				GCC_DYNAMIC_NO_PIC = NO;
				GCC_NO_COMMON_BLOCKS = YES;
				GCC_OPTIMIZATION_LEVEL = 0;
				GCC_PREPROCESSOR_DEFINITIONS = (
					"DEBUG=1",
					"$(inherited)",
				);
				GCC_WARN_64_TO_32_BIT_CONVERSION = YES;
				GCC_WARN_ABOUT_RETURN_TYPE = YES_ERROR;
				GCC_WARN_UNDECLARED_SELECTOR = YES;
				GCC_WARN_UNINITIALIZED_AUTOS = YES_AGGRESSIVE;
				GCC_WARN_UNUSED_FUNCTION = YES;
				GCC_WARN_UNUSED_VARIABLE = YES;
				IPHONEOS_DEPLOYMENT_TARGET = 10.1;
				MTL_ENABLE_DEBUG_INFO = YES;
				ONLY_ACTIVE_ARCH = YES;
				SDKROOT = iphoneos;
				SWIFT_ACTIVE_COMPILATION_CONDITIONS = DEBUG;
				SWIFT_OPTIMIZATION_LEVEL = "-Onone";
				TARGETED_DEVICE_FAMILY = "1,2";
			};
			name = Debug;
		};
		74EA06B61E4DB5D800B2ABD2 /* Release */ = {
			isa = XCBuildConfiguration;
			buildSettings = {
				ALWAYS_SEARCH_USER_PATHS = NO;
				CLANG_ANALYZER_NONNULL = YES;
				CLANG_CXX_LANGUAGE_STANDARD = "gnu++0x";
				CLANG_CXX_LIBRARY = "libc++";
				CLANG_ENABLE_MODULES = YES;
				CLANG_ENABLE_OBJC_ARC = YES;
				CLANG_WARN_BOOL_CONVERSION = YES;
				CLANG_WARN_CONSTANT_CONVERSION = YES;
				CLANG_WARN_DIRECT_OBJC_ISA_USAGE = YES_ERROR;
				CLANG_WARN_DOCUMENTATION_COMMENTS = YES;
				CLANG_WARN_EMPTY_BODY = YES;
				CLANG_WARN_ENUM_CONVERSION = YES;
				CLANG_WARN_INFINITE_RECURSION = YES;
				CLANG_WARN_INT_CONVERSION = YES;
				CLANG_WARN_OBJC_ROOT_CLASS = YES_ERROR;
				CLANG_WARN_SUSPICIOUS_MOVES = YES;
				CLANG_WARN_UNREACHABLE_CODE = YES;
				CLANG_WARN__DUPLICATE_METHOD_MATCH = YES;
				"CODE_SIGN_IDENTITY[sdk=iphoneos*]" = "iPhone Developer";
				COPY_PHASE_STRIP = NO;
				DEBUG_INFORMATION_FORMAT = "dwarf-with-dsym";
				ENABLE_NS_ASSERTIONS = NO;
				ENABLE_STRICT_OBJC_MSGSEND = YES;
				GCC_C_LANGUAGE_STANDARD = gnu99;
				GCC_NO_COMMON_BLOCKS = YES;
				GCC_WARN_64_TO_32_BIT_CONVERSION = YES;
				GCC_WARN_ABOUT_RETURN_TYPE = YES_ERROR;
				GCC_WARN_UNDECLARED_SELECTOR = YES;
				GCC_WARN_UNINITIALIZED_AUTOS = YES_AGGRESSIVE;
				GCC_WARN_UNUSED_FUNCTION = YES;
				GCC_WARN_UNUSED_VARIABLE = YES;
				IPHONEOS_DEPLOYMENT_TARGET = 10.1;
				MTL_ENABLE_DEBUG_INFO = NO;
				SDKROOT = iphoneos;
				SWIFT_OPTIMIZATION_LEVEL = "-Owholemodule";
				TARGETED_DEVICE_FAMILY = "1,2";
				VALIDATE_PRODUCT = YES;
			};
			name = Release;
		};
		74EA06B81E4DB5D800B2ABD2 /* Debug */ = {
			isa = XCBuildConfiguration;
			buildSettings = {
				ASSETCATALOG_COMPILER_APPICON_NAME = AppIcon;
				INFOPLIST_FILE = summator/Info.plist;
				LD_RUNPATH_SEARCH_PATHS = "$(inherited) @executable_path/Frameworks";
				PRODUCT_BUNDLE_IDENTIFIER = ru.navitekllc.summator;
				PRODUCT_NAME = "$(TARGET_NAME)";
				SWIFT_VERSION = 3.0;
			};
			name = Debug;
		};
		74EA06B91E4DB5D800B2ABD2 /* Release */ = {
			isa = XCBuildConfiguration;
			buildSettings = {
				ASSETCATALOG_COMPILER_APPICON_NAME = AppIcon;
				INFOPLIST_FILE = summator/Info.plist;
				LD_RUNPATH_SEARCH_PATHS = "$(inherited) @executable_path/Frameworks";
				PRODUCT_BUNDLE_IDENTIFIER = ru.navitekllc.summator;
				PRODUCT_NAME = "$(TARGET_NAME)";
				SWIFT_VERSION = 3.0;
			};
			name = Release;
		};
		74EA06BB1E4DB5D800B2ABD2 /* Debug */ = {
			isa = XCBuildConfiguration;
			buildSettings = {
				ALWAYS_EMBED_SWIFT_STANDARD_LIBRARIES = YES;
				BUNDLE_LOADER = "$(TEST_HOST)";
				INFOPLIST_FILE = summatorTests/Info.plist;
				LD_RUNPATH_SEARCH_PATHS = "$(inherited) @executable_path/Frameworks @loader_path/Frameworks";
				PRODUCT_BUNDLE_IDENTIFIER = ru.navitekllc.summatorTests;
				PRODUCT_NAME = "$(TARGET_NAME)";
				SWIFT_VERSION = 3.0;
				TEST_HOST = "$(BUILT_PRODUCTS_DIR)/summator.app/summator";
			};
			name = Debug;
		};
		74EA06BC1E4DB5D800B2ABD2 /* Release */ = {
			isa = XCBuildConfiguration;
			buildSettings = {
				ALWAYS_EMBED_SWIFT_STANDARD_LIBRARIES = YES;
				BUNDLE_LOADER = "$(TEST_HOST)";
				INFOPLIST_FILE = summatorTests/Info.plist;
				LD_RUNPATH_SEARCH_PATHS = "$(inherited) @executable_path/Frameworks @loader_path/Frameworks";
				PRODUCT_BUNDLE_IDENTIFIER = ru.navitekllc.summatorTests;
				PRODUCT_NAME = "$(TARGET_NAME)";
				SWIFT_VERSION = 3.0;
				TEST_HOST = "$(BUILT_PRODUCTS_DIR)/summator.app/summator";
			};
			name = Release;
		};
/* End XCBuildConfiguration section */

/* Begin XCConfigurationList section */
		74EA06951E4DB5D800B2ABD2 /* Build configuration list for PBXProject "summator" */ = {
			isa = XCConfigurationList;
			buildConfigurations = (
				74EA06B51E4DB5D800B2ABD2 /* Debug */,
				74EA06B61E4DB5D800B2ABD2 /* Release */,
			);
			defaultConfigurationIsVisible = 0;
			defaultConfigurationName = Release;
		};
		74EA06B71E4DB5D800B2ABD2 /* Build configuration list for PBXNativeTarget "summator" */ = {
			isa = XCConfigurationList;
			buildConfigurations = (
				74EA06B81E4DB5D800B2ABD2 /* Debug */,
				74EA06B91E4DB5D800B2ABD2 /* Release */,
			);
			defaultConfigurationIsVisible = 0;
		};
		74EA06BA1E4DB5D800B2ABD2 /* Build configuration list for PBXNativeTarget "summatorTests" */ = {
			isa = XCConfigurationList;
			buildConfigurations = (
				74EA06BB1E4DB5D800B2ABD2 /* Debug */,
				74EA06BC1E4DB5D800B2ABD2 /* Release */,
			);
			defaultConfigurationIsVisible = 0;
		};
/* End XCConfigurationList section */
	};
	rootObject = 74EA06921E4DB5D800B2ABD2 /* Project object */;
}
